
Microsoft Visual Studio Solution File, Format Version 12.00
# Visual Studio Version 17
VisualStudioVersion = 17.0.32014.148
MinimumVisualStudioVersion = 10.0.40219.1
Project("{2150E333-8FDC-42A3-9474-1A3956D46DE8}") = "Solution Items", "Solution Items", "{3CFF349B-9E8F-4048-B8E3-65E737A457F6}"
EndProject
Project("{D954291E-2A0B-460D-934E-DC6B0785DB48}") = "Shared", "Shared\Shared.shproj", "{725B865C-59F1-46E9-B0EE-F2CB943592BF}"
EndProject
Project("{FAE04EC0-301F-11D3-BF4B-00C04F79EFBC}") = "SpostaFile", "Importa\SpostaFile.csproj", "{2FF20275-53D6-4786-B7D6-1A004D464CBF}"
EndProject
Project("{FAE04EC0-301F-11D3-BF4B-00C04F79EFBC}") = "Esporta_PhaseSplitTable", "Esporta\Esporta_PhaseSplitTable.csproj", "{F6B4CFDA-804F-4F2E-98BB-480366FA5394}"
EndProject
Global
	GlobalSection(SolutionConfigurationPlatforms) = preSolution
		Debug|Any CPU = Debug|Any CPU
		Debug|x86 = Debug|x86
		Release|Any CPU = Release|Any CPU
		Release|x86 = Release|x86
	EndGlobalSection
	GlobalSection(ProjectConfigurationPlatforms) = postSolution
		{2FF20275-53D6-4786-B7D6-1A004D464CBF}.Debug|Any CPU.ActiveCfg = Debug|x86
		{2FF20275-53D6-4786-B7D6-1A004D464CBF}.Debug|Any CPU.Build.0 = Debug|x86
		{2FF20275-53D6-4786-B7D6-1A004D464CBF}.Debug|x86.ActiveCfg = Debug|x86
		{2FF20275-53D6-4786-B7D6-1A004D464CBF}.Debug|x86.Build.0 = Debug|x86
		{2FF20275-53D6-4786-B7D6-1A004D464CBF}.Release|Any CPU.ActiveCfg = Release|x86
		{2FF20275-53D6-4786-B7D6-1A004D464CBF}.Release|Any CPU.Build.0 = Release|x86
		{2FF20275-53D6-4786-B7D6-1A004D464CBF}.Release|x86.ActiveCfg = Release|x86
		{2FF20275-53D6-4786-B7D6-1A004D464CBF}.Release|x86.Build.0 = Release|x86
		{F6B4CFDA-804F-4F2E-98BB-480366FA5394}.Debug|Any CPU.ActiveCfg = Debug|x86
		{F6B4CFDA-804F-4F2E-98BB-480366FA5394}.Debug|Any CPU.Build.0 = Debug|x86
		{F6B4CFDA-804F-4F2E-98BB-480366FA5394}.Debug|x86.ActiveCfg = Debug|x86
		{F6B4CFDA-804F-4F2E-98BB-480366FA5394}.Debug|x86.Build.0 = Debug|x86
		{F6B4CFDA-804F-4F2E-98BB-480366FA5394}.Release|Any CPU.ActiveCfg = Release|x86
		{F6B4CFDA-804F-4F2E-98BB-480366FA5394}.Release|Any CPU.Build.0 = Release|x86
		{F6B4CFDA-804F-4F2E-98BB-480366FA5394}.Release|x86.ActiveCfg = Release|x86
		{F6B4CFDA-804F-4F2E-98BB-480366FA5394}.Release|x86.Build.0 = Release|x86
	EndGlobalSection
	GlobalSection(SolutionProperties) = preSolution
		HideSolutionNode = FALSE
	EndGlobalSection
	GlobalSection(ExtensibilityGlobals) = postSolution
		SolutionGuid = {FB6DB80B-AB55-4786-8626-5BCBD853E7C1}
	EndGlobalSection
	GlobalSection(SharedMSBuildProjectFiles) = preSolution
		Shared\Shared.projitems*{2ff20275-53d6-4786-b7d6-1a004d464cbf}*SharedItemsImports = 4
		Shared\Shared.projitems*{725b865c-59f1-46e9-b0ee-f2cb943592bf}*SharedItemsImports = 13
		..\OnecodeFiles_Shared\OnecodeFilesP61_Zero5Client_Shared.projitems*{f6b4cfda-804f-4f2e-98bb-480366fa5394}*SharedItemsImports = 4
		..\OnecodeFiles_Shared\OnecodeFilesP61_Zero5CommonLibrary_Shared.projitems*{f6b4cfda-804f-4f2e-98bb-480366fa5394}*SharedItemsImports = 4
		Shared\Shared.projitems*{f6b4cfda-804f-4f2e-98bb-480366fa5394}*SharedItemsImports = 4
	EndGlobalSection
EndGlobal
